
Microsoft Visual Studio Solution File, Format Version 12.00
# Visual Studio Version 16
VisualStudioVersion = 25.0.1706.11
MinimumVisualStudioVersion = 10.0.40219.1
Project("{FAE04EC0-301F-11D3-BF4B-00C04F79EFBC}") = "InfoTrack.Booking.Api", "InfoTrack.Booking.Api\InfoTrack.Booking.Api.csproj", "{CD24A841-FCCE-4FA1-943E-D4BB45FC5E4B}"
EndProject
Project("{FAE04EC0-301F-11D3-BF4B-00C04F79EFBC}") = "InfoTrack.Booking.Application", "InfoTrack.Booking.Application\InfoTrack.Booking.Application.csproj", "{709C9772-2D57-4503-AFF3-1F98BAEC67D4}"
EndProject
Project("{FAE04EC0-301F-11D3-BF4B-00C04F79EFBC}") = "InfoTrack.Booking.Domain", "InfoTrack.Booking.Domain\InfoTrack.Booking.Domain.csproj", "{852B1CF1-EC06-4D15-B354-8063E1D4A1E7}"
EndProject
Project("{FAE04EC0-301F-11D3-BF4B-00C04F79EFBC}") = "InfoTrack.Booking.Infra", "InfoTrack.Booking.Infra\InfoTrack.Booking.Infra.csproj", "{E51E19C2-C2D3-493B-95B3-9ACAC05605E6}"
EndProject
Project("{FAE04EC0-301F-11D3-BF4B-00C04F79EFBC}") = "InfoTrack.Booking.Tests", "InfoTrack.Booking.Tests\InfoTrack.Booking.Tests.csproj", "{6544FD89-6038-4BBB-9244-A9B42435569C}"
EndProject
Project("{2150E333-8FDC-42A3-9474-1A3956D46DE8}") = "Solution Items", "Solution Items", "{3869FE5E-33DE-46BE-823B-67A11DBE8804}"
	ProjectSection(SolutionItems) = preProject
		README.md = README.md
	EndProjectSection
EndProject
Global
	GlobalSection(SolutionConfigurationPlatforms) = preSolution
		Debug|Any CPU = Debug|Any CPU
		Release|Any CPU = Release|Any CPU
	EndGlobalSection
	GlobalSection(ProjectConfigurationPlatforms) = postSolution
		{CD24A841-FCCE-4FA1-943E-D4BB45FC5E4B}.Debug|Any CPU.ActiveCfg = Debug|Any CPU
		{CD24A841-FCCE-4FA1-943E-D4BB45FC5E4B}.Debug|Any CPU.Build.0 = Debug|Any CPU
		{CD24A841-FCCE-4FA1-943E-D4BB45FC5E4B}.Release|Any CPU.ActiveCfg = Release|Any CPU
		{CD24A841-FCCE-4FA1-943E-D4BB45FC5E4B}.Release|Any CPU.Build.0 = Release|Any CPU
		{709C9772-2D57-4503-AFF3-1F98BAEC67D4}.Debug|Any CPU.ActiveCfg = Debug|Any CPU
		{709C9772-2D57-4503-AFF3-1F98BAEC67D4}.Debug|Any CPU.Build.0 = Debug|Any CPU
		{709C9772-2D57-4503-AFF3-1F98BAEC67D4}.Release|Any CPU.ActiveCfg = Release|Any CPU
		{709C9772-2D57-4503-AFF3-1F98BAEC67D4}.Release|Any CPU.Build.0 = Release|Any CPU
		{852B1CF1-EC06-4D15-B354-8063E1D4A1E7}.Debug|Any CPU.ActiveCfg = Debug|Any CPU
		{852B1CF1-EC06-4D15-B354-8063E1D4A1E7}.Debug|Any CPU.Build.0 = Debug|Any CPU
		{852B1CF1-EC06-4D15-B354-8063E1D4A1E7}.Release|Any CPU.ActiveCfg = Release|Any CPU
		{852B1CF1-EC06-4D15-B354-8063E1D4A1E7}.Release|Any CPU.Build.0 = Release|Any CPU
		{E51E19C2-C2D3-493B-95B3-9ACAC05605E6}.Debug|Any CPU.ActiveCfg = Debug|Any CPU
		{E51E19C2-C2D3-493B-95B3-9ACAC05605E6}.Debug|Any CPU.Build.0 = Debug|Any CPU
		{E51E19C2-C2D3-493B-95B3-9ACAC05605E6}.Release|Any CPU.ActiveCfg = Release|Any CPU
		{E51E19C2-C2D3-493B-95B3-9ACAC05605E6}.Release|Any CPU.Build.0 = Release|Any CPU
		{6544FD89-6038-4BBB-9244-A9B42435569C}.Debug|Any CPU.ActiveCfg = Debug|Any CPU
		{6544FD89-6038-4BBB-9244-A9B42435569C}.Debug|Any CPU.Build.0 = Debug|Any CPU
		{6544FD89-6038-4BBB-9244-A9B42435569C}.Release|Any CPU.ActiveCfg = Release|Any CPU
		{6544FD89-6038-4BBB-9244-A9B42435569C}.Release|Any CPU.Build.0 = Release|Any CPU
	EndGlobalSection
	GlobalSection(SolutionProperties) = preSolution
		HideSolutionNode = FALSE
	EndGlobalSection
	GlobalSection(ExtensibilityGlobals) = postSolution
		SolutionGuid = {FCD3D9E3-D4F5-4680-B841-A058A6268139}
	EndGlobalSection
EndGlobal
